
Microsoft Visual Studio Solution File, Format Version 12.00
# Visual Studio Version 17
VisualStudioVersion = 17.5.33516.290
MinimumVisualStudioVersion = 10.0.40219.1
Project("{9A19103F-16F7-4668-BE54-9A1E7A4F7556}") = "CodeGenerator.LIB", "CodeGenerator.LIB\CodeGenerator.LIB.csproj", "{77257098-4590-4B20-BD8E-0711ACA91140}"
EndProject
Project("{9A19103F-16F7-4668-BE54-9A1E7A4F7556}") = "Testing", "Testing\Testing.csproj", "{D33A6665-B862-460D-BDB3-8B94B7CFE05D}"
EndProject
Project("{FAE04EC0-301F-11D3-BF4B-00C04F79EFBC}") = "CodeGenerator.WPF", "CodeGenerator.WPF\CodeGenerator.WPF.csproj", "{A282B114-C792-44C7-B386-E2B5AB55B761}"
EndProject
Project("{FAE04EC0-301F-11D3-BF4B-00C04F79EFBC}") = "CodeGenerator.WPF.LIB", "CodeGenerator.WPF.LIB\CodeGenerator.WPF.LIB.csproj", "{D74BDC03-4D41-401A-B42D-8D98FF9F064B}"
EndProject
Global
	GlobalSection(SolutionConfigurationPlatforms) = preSolution
		Debug|Any CPU = Debug|Any CPU
		Release|Any CPU = Release|Any CPU
	EndGlobalSection
	GlobalSection(ProjectConfigurationPlatforms) = postSolution
		{77257098-4590-4B20-BD8E-0711ACA91140}.Debug|Any CPU.ActiveCfg = Debug|Any CPU
		{77257098-4590-4B20-BD8E-0711ACA91140}.Debug|Any CPU.Build.0 = Debug|Any CPU
		{77257098-4590-4B20-BD8E-0711ACA91140}.Release|Any CPU.ActiveCfg = Release|Any CPU
		{77257098-4590-4B20-BD8E-0711ACA91140}.Release|Any CPU.Build.0 = Release|Any CPU
		{D33A6665-B862-460D-BDB3-8B94B7CFE05D}.Debug|Any CPU.ActiveCfg = Debug|Any CPU
		{D33A6665-B862-460D-BDB3-8B94B7CFE05D}.Debug|Any CPU.Build.0 = Debug|Any CPU
		{D33A6665-B862-460D-BDB3-8B94B7CFE05D}.Release|Any CPU.ActiveCfg = Release|Any CPU
		{D33A6665-B862-460D-BDB3-8B94B7CFE05D}.Release|Any CPU.Build.0 = Release|Any CPU
		{A282B114-C792-44C7-B386-E2B5AB55B761}.Debug|Any CPU.ActiveCfg = Debug|Any CPU
		{A282B114-C792-44C7-B386-E2B5AB55B761}.Debug|Any CPU.Build.0 = Debug|Any CPU
		{A282B114-C792-44C7-B386-E2B5AB55B761}.Release|Any CPU.ActiveCfg = Release|Any CPU
		{A282B114-C792-44C7-B386-E2B5AB55B761}.Release|Any CPU.Build.0 = Release|Any CPU
		{D74BDC03-4D41-401A-B42D-8D98FF9F064B}.Debug|Any CPU.ActiveCfg = Debug|Any CPU
		{D74BDC03-4D41-401A-B42D-8D98FF9F064B}.Debug|Any CPU.Build.0 = Debug|Any CPU
		{D74BDC03-4D41-401A-B42D-8D98FF9F064B}.Release|Any CPU.ActiveCfg = Release|Any CPU
		{D74BDC03-4D41-401A-B42D-8D98FF9F064B}.Release|Any CPU.Build.0 = Release|Any CPU
	EndGlobalSection
	GlobalSection(SolutionProperties) = preSolution
		HideSolutionNode = FALSE
	EndGlobalSection
	GlobalSection(ExtensibilityGlobals) = postSolution
		SolutionGuid = {24B29844-07F1-40CB-B6C9-7BD56D32C737}
	EndGlobalSection
EndGlobal
